
Microsoft Visual Studio Solution File, Format Version 12.00
# Visual Studio Version 16
VisualStudioVersion = 16.0.810.13
MinimumVisualStudioVersion = 10.0.40219.1
Project("{FAE04EC0-301F-11D3-BF4B-00C04F79EFBC}") = "HealthCareApp", "HealthCareApp\HealthCareApp.csproj", "{42E88D0A-35E4-4F05-81F0-EE9299102CB6}"
EndProject
Project("{FAE04EC0-301F-11D3-BF4B-00C04F79EFBC}") = "UserLibrary", "UserLibrary\UserLibrary.csproj", "{68068350-F802-4F24-BEF4-BF2581BBE333}"
EndProject
Project("{FAE04EC0-301F-11D3-BF4B-00C04F79EFBC}") = "LocationLibrary", "LocationLibrary\LocationLibrary.csproj", "{E6B78D68-3F46-43B6-800D-E146505070CC}"
EndProject
Project("{FAE04EC0-301F-11D3-BF4B-00C04F79EFBC}") = "DepartmentLibrary", "DepartmentLibrary\DepartmentLibrary.csproj", "{8722D24E-E05F-4029-B4EF-2E71C220A773}"
EndProject
Project("{FAE04EC0-301F-11D3-BF4B-00C04F79EFBC}") = "ProductLibrary", "ProductLibrary\ProductLibrary.csproj", "{D0DDD83B-3756-43B0-81CD-E8ACC1FF9B89}"
EndProject
Project("{FAE04EC0-301F-11D3-BF4B-00C04F79EFBC}") = "SupplierLibrary", "SupplierLibrary\SupplierLibrary.csproj", "{7C88CA83-6F0F-4149-BCA8-4C9F9D63FC81}"
EndProject
Global
	GlobalSection(SolutionConfigurationPlatforms) = preSolution
		Debug|Any CPU = Debug|Any CPU
		Release|Any CPU = Release|Any CPU
	EndGlobalSection
	GlobalSection(ProjectConfigurationPlatforms) = postSolution
		{42E88D0A-35E4-4F05-81F0-EE9299102CB6}.Debug|Any CPU.ActiveCfg = Debug|Any CPU
		{42E88D0A-35E4-4F05-81F0-EE9299102CB6}.Debug|Any CPU.Build.0 = Debug|Any CPU
		{42E88D0A-35E4-4F05-81F0-EE9299102CB6}.Release|Any CPU.ActiveCfg = Release|Any CPU
		{42E88D0A-35E4-4F05-81F0-EE9299102CB6}.Release|Any CPU.Build.0 = Release|Any CPU
		{68068350-F802-4F24-BEF4-BF2581BBE333}.Debug|Any CPU.ActiveCfg = Debug|Any CPU
		{68068350-F802-4F24-BEF4-BF2581BBE333}.Debug|Any CPU.Build.0 = Debug|Any CPU
		{68068350-F802-4F24-BEF4-BF2581BBE333}.Release|Any CPU.ActiveCfg = Release|Any CPU
		{68068350-F802-4F24-BEF4-BF2581BBE333}.Release|Any CPU.Build.0 = Release|Any CPU
		{E6B78D68-3F46-43B6-800D-E146505070CC}.Debug|Any CPU.ActiveCfg = Debug|Any CPU
		{E6B78D68-3F46-43B6-800D-E146505070CC}.Debug|Any CPU.Build.0 = Debug|Any CPU
		{E6B78D68-3F46-43B6-800D-E146505070CC}.Release|Any CPU.ActiveCfg = Release|Any CPU
		{E6B78D68-3F46-43B6-800D-E146505070CC}.Release|Any CPU.Build.0 = Release|Any CPU
		{8722D24E-E05F-4029-B4EF-2E71C220A773}.Debug|Any CPU.ActiveCfg = Debug|Any CPU
		{8722D24E-E05F-4029-B4EF-2E71C220A773}.Debug|Any CPU.Build.0 = Debug|Any CPU
		{8722D24E-E05F-4029-B4EF-2E71C220A773}.Release|Any CPU.ActiveCfg = Release|Any CPU
		{8722D24E-E05F-4029-B4EF-2E71C220A773}.Release|Any CPU.Build.0 = Release|Any CPU
		{D0DDD83B-3756-43B0-81CD-E8ACC1FF9B89}.Debug|Any CPU.ActiveCfg = Debug|Any CPU
		{D0DDD83B-3756-43B0-81CD-E8ACC1FF9B89}.Debug|Any CPU.Build.0 = Debug|Any CPU
		{D0DDD83B-3756-43B0-81CD-E8ACC1FF9B89}.Release|Any CPU.ActiveCfg = Release|Any CPU
		{D0DDD83B-3756-43B0-81CD-E8ACC1FF9B89}.Release|Any CPU.Build.0 = Release|Any CPU
		{7C88CA83-6F0F-4149-BCA8-4C9F9D63FC81}.Debug|Any CPU.ActiveCfg = Debug|Any CPU
		{7C88CA83-6F0F-4149-BCA8-4C9F9D63FC81}.Debug|Any CPU.Build.0 = Debug|Any CPU
		{7C88CA83-6F0F-4149-BCA8-4C9F9D63FC81}.Release|Any CPU.ActiveCfg = Release|Any CPU
		{7C88CA83-6F0F-4149-BCA8-4C9F9D63FC81}.Release|Any CPU.Build.0 = Release|Any CPU
	EndGlobalSection
	GlobalSection(SolutionProperties) = preSolution
		HideSolutionNode = FALSE
	EndGlobalSection
	GlobalSection(ExtensibilityGlobals) = postSolution
		SolutionGuid = {AD6F52B0-0FC1-4699-9379-2828E0184EE9}
	EndGlobalSection
EndGlobal
