
Microsoft Visual Studio Solution File, Format Version 12.00
# Visual Studio Version 16
VisualStudioVersion = 16.0.810.14
MinimumVisualStudioVersion = 10.0.40219.1
Project("{FAE04EC0-301F-11D3-BF4B-00C04F79EFBC}") = "HealthCareApp", "HealthCareApp\HealthCareApp.csproj", "{74DE6AC9-649A-4CA5-B5A9-9F709F9EFDC6}"
EndProject
Project("{FAE04EC0-301F-11D3-BF4B-00C04F79EFBC}") = "BaseLibrary", "BaseLibrary\BaseLibrary.csproj", "{0D7D5D4E-71FA-4F04-A498-A7988978E7D7}"
EndProject
Project("{FAE04EC0-301F-11D3-BF4B-00C04F79EFBC}") = "ContactDetailsLibrary", "ContactDetailsLibrary\ContactDetailsLibrary.csproj", "{40191DBD-F8A2-4E4E-9C7C-3B80BA321F12}"
EndProject
Project("{FAE04EC0-301F-11D3-BF4B-00C04F79EFBC}") = "CustomerLibrary", "CustomerLibrary\CustomerLibrary.csproj", "{85EEBEBB-63CE-4C42-B31C-A2A35DC5796A}"
EndProject
Project("{FAE04EC0-301F-11D3-BF4B-00C04F79EFBC}") = "DepartmentLibrary", "DepartmentLibrary\DepartmentLibrary.csproj", "{B8F4A147-5724-4A57-9C34-05E3F3479985}"
EndProject
Project("{FAE04EC0-301F-11D3-BF4B-00C04F79EFBC}") = "LocationLibrary", "LocationLibrary\LocationLibrary.csproj", "{42EBB640-BDA5-4269-BE03-FD8B7CC297B4}"
EndProject
Project("{FAE04EC0-301F-11D3-BF4B-00C04F79EFBC}") = "ProductLibrary", "ProductLibrary\ProductLibrary.csproj", "{E4759E37-B601-48F2-85F4-A320B5C4F16F}"
EndProject
Project("{FAE04EC0-301F-11D3-BF4B-00C04F79EFBC}") = "SupplierLibrary", "SupplierLibrary\SupplierLibrary.csproj", "{0B7E1346-0296-4DCC-89C4-22EB5C7AE861}"
EndProject
Project("{FAE04EC0-301F-11D3-BF4B-00C04F79EFBC}") = "EmployeeLibrary", "EmployeeLibrary\EmployeeLibrary.csproj", "{C5C4ADF6-19F9-4F87-AC0B-6498D983A4A1}"
EndProject
Project("{FAE04EC0-301F-11D3-BF4B-00C04F79EFBC}") = "LabelLibrary", "LabelLibrary\LabelLibrary.csproj", "{0ADE56B0-936F-4B7B-8320-FB460A6C02A3}"
EndProject
Global
	GlobalSection(SolutionConfigurationPlatforms) = preSolution
		Debug|Any CPU = Debug|Any CPU
		Release|Any CPU = Release|Any CPU
	EndGlobalSection
	GlobalSection(ProjectConfigurationPlatforms) = postSolution
		{74DE6AC9-649A-4CA5-B5A9-9F709F9EFDC6}.Debug|Any CPU.ActiveCfg = Debug|Any CPU
		{74DE6AC9-649A-4CA5-B5A9-9F709F9EFDC6}.Debug|Any CPU.Build.0 = Debug|Any CPU
		{74DE6AC9-649A-4CA5-B5A9-9F709F9EFDC6}.Release|Any CPU.ActiveCfg = Release|Any CPU
		{74DE6AC9-649A-4CA5-B5A9-9F709F9EFDC6}.Release|Any CPU.Build.0 = Release|Any CPU
		{0D7D5D4E-71FA-4F04-A498-A7988978E7D7}.Debug|Any CPU.ActiveCfg = Debug|Any CPU
		{0D7D5D4E-71FA-4F04-A498-A7988978E7D7}.Debug|Any CPU.Build.0 = Debug|Any CPU
		{0D7D5D4E-71FA-4F04-A498-A7988978E7D7}.Release|Any CPU.ActiveCfg = Release|Any CPU
		{0D7D5D4E-71FA-4F04-A498-A7988978E7D7}.Release|Any CPU.Build.0 = Release|Any CPU
		{40191DBD-F8A2-4E4E-9C7C-3B80BA321F12}.Debug|Any CPU.ActiveCfg = Debug|Any CPU
		{40191DBD-F8A2-4E4E-9C7C-3B80BA321F12}.Debug|Any CPU.Build.0 = Debug|Any CPU
		{40191DBD-F8A2-4E4E-9C7C-3B80BA321F12}.Release|Any CPU.ActiveCfg = Release|Any CPU
		{40191DBD-F8A2-4E4E-9C7C-3B80BA321F12}.Release|Any CPU.Build.0 = Release|Any CPU
		{85EEBEBB-63CE-4C42-B31C-A2A35DC5796A}.Debug|Any CPU.ActiveCfg = Debug|Any CPU
		{85EEBEBB-63CE-4C42-B31C-A2A35DC5796A}.Debug|Any CPU.Build.0 = Debug|Any CPU
		{85EEBEBB-63CE-4C42-B31C-A2A35DC5796A}.Release|Any CPU.ActiveCfg = Release|Any CPU
		{85EEBEBB-63CE-4C42-B31C-A2A35DC5796A}.Release|Any CPU.Build.0 = Release|Any CPU
		{B8F4A147-5724-4A57-9C34-05E3F3479985}.Debug|Any CPU.ActiveCfg = Debug|Any CPU
		{B8F4A147-5724-4A57-9C34-05E3F3479985}.Debug|Any CPU.Build.0 = Debug|Any CPU
		{B8F4A147-5724-4A57-9C34-05E3F3479985}.Release|Any CPU.ActiveCfg = Release|Any CPU
		{B8F4A147-5724-4A57-9C34-05E3F3479985}.Release|Any CPU.Build.0 = Release|Any CPU
		{42EBB640-BDA5-4269-BE03-FD8B7CC297B4}.Debug|Any CPU.ActiveCfg = Debug|Any CPU
		{42EBB640-BDA5-4269-BE03-FD8B7CC297B4}.Debug|Any CPU.Build.0 = Debug|Any CPU
		{42EBB640-BDA5-4269-BE03-FD8B7CC297B4}.Release|Any CPU.ActiveCfg = Release|Any CPU
		{42EBB640-BDA5-4269-BE03-FD8B7CC297B4}.Release|Any CPU.Build.0 = Release|Any CPU
		{E4759E37-B601-48F2-85F4-A320B5C4F16F}.Debug|Any CPU.ActiveCfg = Debug|Any CPU
		{E4759E37-B601-48F2-85F4-A320B5C4F16F}.Debug|Any CPU.Build.0 = Debug|Any CPU
		{E4759E37-B601-48F2-85F4-A320B5C4F16F}.Release|Any CPU.ActiveCfg = Release|Any CPU
		{E4759E37-B601-48F2-85F4-A320B5C4F16F}.Release|Any CPU.Build.0 = Release|Any CPU
		{0B7E1346-0296-4DCC-89C4-22EB5C7AE861}.Debug|Any CPU.ActiveCfg = Debug|Any CPU
		{0B7E1346-0296-4DCC-89C4-22EB5C7AE861}.Debug|Any CPU.Build.0 = Debug|Any CPU
		{0B7E1346-0296-4DCC-89C4-22EB5C7AE861}.Release|Any CPU.ActiveCfg = Release|Any CPU
		{0B7E1346-0296-4DCC-89C4-22EB5C7AE861}.Release|Any CPU.Build.0 = Release|Any CPU
		{C5C4ADF6-19F9-4F87-AC0B-6498D983A4A1}.Debug|Any CPU.ActiveCfg = Debug|Any CPU
		{C5C4ADF6-19F9-4F87-AC0B-6498D983A4A1}.Debug|Any CPU.Build.0 = Debug|Any CPU
		{C5C4ADF6-19F9-4F87-AC0B-6498D983A4A1}.Release|Any CPU.ActiveCfg = Release|Any CPU
		{C5C4ADF6-19F9-4F87-AC0B-6498D983A4A1}.Release|Any CPU.Build.0 = Release|Any CPU
		{0ADE56B0-936F-4B7B-8320-FB460A6C02A3}.Debug|Any CPU.ActiveCfg = Debug|Any CPU
		{0ADE56B0-936F-4B7B-8320-FB460A6C02A3}.Debug|Any CPU.Build.0 = Debug|Any CPU
		{0ADE56B0-936F-4B7B-8320-FB460A6C02A3}.Release|Any CPU.ActiveCfg = Release|Any CPU
		{0ADE56B0-936F-4B7B-8320-FB460A6C02A3}.Release|Any CPU.Build.0 = Release|Any CPU
	EndGlobalSection
	GlobalSection(SolutionProperties) = preSolution
		HideSolutionNode = FALSE
	EndGlobalSection
	GlobalSection(ExtensibilityGlobals) = postSolution
		SolutionGuid = {61ABBFB3-1DF4-4D20-B750-17DAF5CBE95F}
	EndGlobalSection
EndGlobal
